
Microsoft Visual Studio Solution File, Format Version 12.00
# Visual Studio 15
VisualStudioVersion = 15.0.28307.329
MinimumVisualStudioVersion = 10.0.40219.1
Project("{FAE04EC0-301F-11D3-BF4B-00C04F79EFBC}") = "WebApplication4", "WebApplication4\WebApplication4.csproj", "{84404E55-5F4C-47DF-BC2D-64C7E7BCD89B}"
EndProject
Global
	GlobalSection(SolutionConfigurationPlatforms) = preSolution
		Debug|Any CPU = Debug|Any CPU
		Release|Any CPU = Release|Any CPU
	EndGlobalSection
	GlobalSection(ProjectConfigurationPlatforms) = postSolution
		{84404E55-5F4C-47DF-BC2D-64C7E7BCD89B}.Debug|Any CPU.ActiveCfg = Debug|Any CPU
		{84404E55-5F4C-47DF-BC2D-64C7E7BCD89B}.Debug|Any CPU.Build.0 = Debug|Any CPU
		{84404E55-5F4C-47DF-BC2D-64C7E7BCD89B}.Release|Any CPU.ActiveCfg = Release|Any CPU
		{84404E55-5F4C-47DF-BC2D-64C7E7BCD89B}.Release|Any CPU.Build.0 = Release|Any CPU
	EndGlobalSection
	GlobalSection(SolutionProperties) = preSolution
		HideSolutionNode = FALSE
	EndGlobalSection
	GlobalSection(ExtensibilityGlobals) = postSolution
		SolutionGuid = {89B3A4D8-952D-404E-A750-C4D88A36EE6F}
	EndGlobalSection
EndGlobal
